
Microsoft Visual Studio Solution File, Format Version 12.00
# Visual Studio 15
VisualStudioVersion = 15.0.28307.1145
MinimumVisualStudioVersion = 10.0.40219.1
Project("{FAE04EC0-301F-11D3-BF4B-00C04F79EFBC}") = "arduinoBank", "arduinoBank\arduinoBank.csproj", "{31BF869A-6EDA-4AE6-9295-61793B2CA13D}"
EndProject
Global
	GlobalSection(SolutionConfigurationPlatforms) = preSolution
		Debug|Any CPU = Debug|Any CPU
		Release|Any CPU = Release|Any CPU
	EndGlobalSection
	GlobalSection(ProjectConfigurationPlatforms) = postSolution
		{31BF869A-6EDA-4AE6-9295-61793B2CA13D}.Debug|Any CPU.ActiveCfg = Debug|Any CPU
		{31BF869A-6EDA-4AE6-9295-61793B2CA13D}.Debug|Any CPU.Build.0 = Debug|Any CPU
		{31BF869A-6EDA-4AE6-9295-61793B2CA13D}.Release|Any CPU.ActiveCfg = Release|Any CPU
		{31BF869A-6EDA-4AE6-9295-61793B2CA13D}.Release|Any CPU.Build.0 = Release|Any CPU
	EndGlobalSection
	GlobalSection(SolutionProperties) = preSolution
		HideSolutionNode = FALSE
	EndGlobalSection
	GlobalSection(ExtensibilityGlobals) = postSolution
		SolutionGuid = {DFBD4D0D-D76E-42A7-AAE6-18FE849F606B}
	EndGlobalSection
EndGlobal
